
Microsoft Visual Studio Solution File, Format Version 12.00
# Visual Studio 15
VisualStudioVersion = 15.0.28307.1758
MinimumVisualStudioVersion = 10.0.40219.1
Project("{FAE04EC0-301F-11D3-BF4B-00C04F79EFBC}") = "goruntu_islemeProje", "goruntu_islemeProje\goruntu_islemeProje.csproj", "{F4285AEF-98C9-43D0-BB27-1B8F2D1B7283}"
EndProject
Global
	GlobalSection(SolutionConfigurationPlatforms) = preSolution
		Debug|Any CPU = Debug|Any CPU
		Release|Any CPU = Release|Any CPU
	EndGlobalSection
	GlobalSection(ProjectConfigurationPlatforms) = postSolution
		{F4285AEF-98C9-43D0-BB27-1B8F2D1B7283}.Debug|Any CPU.ActiveCfg = Debug|Any CPU
		{F4285AEF-98C9-43D0-BB27-1B8F2D1B7283}.Debug|Any CPU.Build.0 = Debug|Any CPU
		{F4285AEF-98C9-43D0-BB27-1B8F2D1B7283}.Release|Any CPU.ActiveCfg = Release|Any CPU
		{F4285AEF-98C9-43D0-BB27-1B8F2D1B7283}.Release|Any CPU.Build.0 = Release|Any CPU
	EndGlobalSection
	GlobalSection(SolutionProperties) = preSolution
		HideSolutionNode = FALSE
	EndGlobalSection
	GlobalSection(ExtensibilityGlobals) = postSolution
		SolutionGuid = {73DA1F68-3035-4105-89DA-E1A8AFEA862C}
	EndGlobalSection
EndGlobal
